// !$*UTF8*$!
{
	archiveVersion = 1;
	classes = {
	};
	objectVersion = 50;
	objects = {

/* Begin PBXBuildFile section */
		D709BBFC21DD083C002461E7 /* UIView+IBDesignable.m in Sources */ = {isa = PBXBuildFile; fileRef = D709BBF921DD083C002461E7 /* UIView+IBDesignable.m */; };
		D709BBFD21DD083C002461E7 /* UIColor+mdl.m in Sources */ = {isa = PBXBuildFile; fileRef = D709BBFB21DD083C002461E7 /* UIColor+mdl.m */; };
		D73C629821DE996C00DC9F7B /* MedicalHistoryController.m in Sources */ = {isa = PBXBuildFile; fileRef = D73C629721DE996C00DC9F7B /* MedicalHistoryController.m */; };
		D73C629B21DE99D800DC9F7B /* MedicalHistoryCell.m in Sources */ = {isa = PBXBuildFile; fileRef = D73C629A21DE99D800DC9F7B /* MedicalHistoryCell.m */; };
		D74B9B9E21D5556200E9FD1F /* Montserrat-Bold.ttf in Resources */ = {isa = PBXBuildFile; fileRef = D74B9B9D21D5556200E9FD1F /* Montserrat-Bold.ttf */; };
		D74B9BA021D5556B00E9FD1F /* Montserrat-Regular.ttf in Resources */ = {isa = PBXBuildFile; fileRef = D74B9B9F21D5556B00E9FD1F /* Montserrat-Regular.ttf */; };
		D74B9BCB21D66C7100E9FD1F /* ScheduleVisitController.m in Sources */ = {isa = PBXBuildFile; fileRef = D74B9BCA21D66C7100E9FD1F /* ScheduleVisitController.m */; };
		D758C0F821E69379007F0007 /* ContainerView.m in Sources */ = {isa = PBXBuildFile; fileRef = D758C0F721E69379007F0007 /* ContainerView.m */; };
		D759842921E4E1400008E4A4 /* PaymentController.m in Sources */ = {isa = PBXBuildFile; fileRef = D759842821E4E1400008E4A4 /* PaymentController.m */; };
		D759842C21E4E1760008E4A4 /* PaymentCell.m in Sources */ = {isa = PBXBuildFile; fileRef = D759842B21E4E1760008E4A4 /* PaymentCell.m */; };
		D759843221E508450008E4A4 /* ChooseDoctorController.m in Sources */ = {isa = PBXBuildFile; fileRef = D759843121E508450008E4A4 /* ChooseDoctorController.m */; };
		D759843521E51D810008E4A4 /* ChooseDoctorCell.m in Sources */ = {isa = PBXBuildFile; fileRef = D759843421E51D810008E4A4 /* ChooseDoctorCell.m */; };
		D7617C4621D6B80D002063AE /* UpcomingApptCell.m in Sources */ = {isa = PBXBuildFile; fileRef = D7617C4521D6B80D002063AE /* UpcomingApptCell.m */; };
		D771890221DD59200053944A /* AppointmentsViewController.m in Sources */ = {isa = PBXBuildFile; fileRef = D771890121DD59200053944A /* AppointmentsViewController.m */; };
		D771890521DD5E850053944A /* MessagesViewController.m in Sources */ = {isa = PBXBuildFile; fileRef = D771890421DD5E850053944A /* MessagesViewController.m */; };
		D771890821DD68D40053944A /* AccountNotVerifiedCell.m in Sources */ = {isa = PBXBuildFile; fileRef = D771890721DD68D40053944A /* AccountNotVerifiedCell.m */; };
		D777F7BC21D3E73F00B45D24 /* AppDelegate.m in Sources */ = {isa = PBXBuildFile; fileRef = D777F7BB21D3E73F00B45D24 /* AppDelegate.m */; };
		D777F7BF21D3E73F00B45D24 /* ViewController.m in Sources */ = {isa = PBXBuildFile; fileRef = D777F7BE21D3E73F00B45D24 /* ViewController.m */; };
		D777F7C221D3E73F00B45D24 /* NewSAV.storyboard in Resources */ = {isa = PBXBuildFile; fileRef = D777F7C021D3E73F00B45D24 /* NewSAV.storyboard */; };
		D777F7C421D3E74100B45D24 /* Assets.xcassets in Resources */ = {isa = PBXBuildFile; fileRef = D777F7C321D3E74100B45D24 /* Assets.xcassets */; };
		D777F7C721D3E74100B45D24 /* LaunchScreen.storyboard in Resources */ = {isa = PBXBuildFile; fileRef = D777F7C521D3E74100B45D24 /* LaunchScreen.storyboard */; };
		D777F7CA21D3E74100B45D24 /* main.m in Sources */ = {isa = PBXBuildFile; fileRef = D777F7C921D3E74100B45D24 /* main.m */; };
		D780D12121DF9E9D00D2D9A4 /* YourAppointmentController.m in Sources */ = {isa = PBXBuildFile; fileRef = D780D12021DF9E9D00D2D9A4 /* YourAppointmentController.m */; };
		D780D12421DF9FFD00D2D9A4 /* YourAppointmentCell.m in Sources */ = {isa = PBXBuildFile; fileRef = D780D12321DF9FFD00D2D9A4 /* YourAppointmentCell.m */; };
		D788BC4F21F257D4008FABDE /* UICheckboxButton.m in Sources */ = {isa = PBXBuildFile; fileRef = D788BC4E21F257D4008FABDE /* UICheckboxButton.m */; };
		D788BC5221F6150F008FABDE /* UITextField+dismissNumberKeypad.m in Sources */ = {isa = PBXBuildFile; fileRef = D788BC5121F6150F008FABDE /* UITextField+dismissNumberKeypad.m */; };
		D788BC5B21F76334008FABDE /* PhamacyHeaderView.m in Sources */ = {isa = PBXBuildFile; fileRef = D788BC5A21F76334008FABDE /* PhamacyHeaderView.m */; };
		D79E4D2721DA4C6E004A8A53 /* MessagesCell.m in Sources */ = {isa = PBXBuildFile; fileRef = D79E4D2621DA4C6E004A8A53 /* MessagesCell.m */; };
		D79E4D3321DA6564004A8A53 /* ProviderTypeCell.m in Sources */ = {isa = PBXBuildFile; fileRef = D79E4D3221DA6564004A8A53 /* ProviderTypeCell.m */; };
		D79E4D3621DA6AAE004A8A53 /* SelectProviderController.m in Sources */ = {isa = PBXBuildFile; fileRef = D79E4D3521DA6AAE004A8A53 /* SelectProviderController.m */; };
		D7A0ACF021F8B5C600DFD646 /* PharmacyInfo.storyboard in Resources */ = {isa = PBXBuildFile; fileRef = D7A0ACEF21F8B1E800DFD646 /* PharmacyInfo.storyboard */; };
		D7A3E4A821D5323C0053D086 /* ProviderTypeView.m in Sources */ = {isa = PBXBuildFile; fileRef = D7A3E4A721D5323C0053D086 /* ProviderTypeView.m */; };
		D7B42EEC21F0D61700EA25EE /* PharmacyInfoController.m in Sources */ = {isa = PBXBuildFile; fileRef = D7B42EEB21F0D61700EA25EE /* PharmacyInfoController.m */; };
		D7B42EEF21F0D63C00EA25EE /* PharmacyInfoCell.m in Sources */ = {isa = PBXBuildFile; fileRef = D7B42EEE21F0D63C00EA25EE /* PharmacyInfoCell.m */; };
		D7B42EF521F0F4A000EA25EE /* PharmacyDetailCell.m in Sources */ = {isa = PBXBuildFile; fileRef = D7B42EF421F0F4A000EA25EE /* PharmacyDetailCell.m */; };
		D7E4FD9921DD198C00DCAB30 /* ReasonForVisitController.m in Sources */ = {isa = PBXBuildFile; fileRef = D7E4FD9821DD198C00DCAB30 /* ReasonForVisitController.m */; };
		D7E4FD9D21DD1A3800DCAB30 /* ReasonForVisitCell.m in Sources */ = {isa = PBXBuildFile; fileRef = D7E4FD9C21DD1A3800DCAB30 /* ReasonForVisitCell.m */; };
		D7F33DEE21E3E17700799130 /* UIImageView+badge.m in Sources */ = {isa = PBXBuildFile; fileRef = D7F33DED21E3E17700799130 /* UIImageView+badge.m */; };
		D7F33DF121E4DC0D00799130 /* UIViewDesignable.m in Sources */ = {isa = PBXBuildFile; fileRef = D7F33DF021E4DC0D00799130 /* UIViewDesignable.m */; };
		D7F67BFA21D42A6E0006CCB3 /* EMKRoundButton.m in Sources */ = {isa = PBXBuildFile; fileRef = D7F67BF821D42A6E0006CCB3 /* EMKRoundButton.m */; };
		D7F67BFD21D42B340006CCB3 /* HomeViewController.m in Sources */ = {isa = PBXBuildFile; fileRef = D7F67BFC21D42B340006CCB3 /* HomeViewController.m */; };
		D7F67C0921D512630006CCB3 /* PatientImageCell.m in Sources */ = {isa = PBXBuildFile; fileRef = D7F67C0721D512620006CCB3 /* PatientImageCell.m */; };
		F19F7C943BAB4AEB11511E74 /* Pods_MDLIVE_New_Dashboard.framework in Frameworks */ = {isa = PBXBuildFile; fileRef = 0C2B092E2B2B0E63449F79E4 /* Pods_MDLIVE_New_Dashboard.framework */; };
/* End PBXBuildFile section */

/* Begin PBXFileReference section */
		0C2B092E2B2B0E63449F79E4 /* Pods_MDLIVE_New_Dashboard.framework */ = {isa = PBXFileReference; explicitFileType = wrapper.framework; includeInIndex = 0; path = Pods_MDLIVE_New_Dashboard.framework; sourceTree = BUILT_PRODUCTS_DIR; };
		32073B535B741F2EE0B1B644 /* Pods-MDLIVE New Dashboard.debug.xcconfig */ = {isa = PBXFileReference; includeInIndex = 1; lastKnownFileType = text.xcconfig; name = "Pods-MDLIVE New Dashboard.debug.xcconfig"; path = "Pods/Target Support Files/Pods-MDLIVE New Dashboard/Pods-MDLIVE New Dashboard.debug.xcconfig"; sourceTree = "<group>"; };
		BDC0E85D4EDC0EA44516445F /* Pods-MDLIVE New Dashboard.release.xcconfig */ = {isa = PBXFileReference; includeInIndex = 1; lastKnownFileType = text.xcconfig; name = "Pods-MDLIVE New Dashboard.release.xcconfig"; path = "Pods/Target Support Files/Pods-MDLIVE New Dashboard/Pods-MDLIVE New Dashboard.release.xcconfig"; sourceTree = "<group>"; };
		D709BBF821DD083C002461E7 /* UIColor+mdl.h */ = {isa = PBXFileReference; fileEncoding = 4; lastKnownFileType = sourcecode.c.h; path = "UIColor+mdl.h"; sourceTree = "<group>"; };
		D709BBF921DD083C002461E7 /* UIView+IBDesignable.m */ = {isa = PBXFileReference; fileEncoding = 4; lastKnownFileType = sourcecode.c.objc; path = "UIView+IBDesignable.m"; sourceTree = "<group>"; };
		D709BBFA21DD083C002461E7 /* UIView+IBDesignable.h */ = {isa = PBXFileReference; fileEncoding = 4; lastKnownFileType = sourcecode.c.h; path = "UIView+IBDesignable.h"; sourceTree = "<group>"; };
		D709BBFB21DD083C002461E7 /* UIColor+mdl.m */ = {isa = PBXFileReference; fileEncoding = 4; lastKnownFileType = sourcecode.c.objc; path = "UIColor+mdl.m"; sourceTree = "<group>"; };
		D73C629621DE995100DC9F7B /* MedicalHistoryController.h */ = {isa = PBXFileReference; fileEncoding = 4; lastKnownFileType = sourcecode.c.h; path = MedicalHistoryController.h; sourceTree = "<group>"; };
		D73C629721DE996C00DC9F7B /* MedicalHistoryController.m */ = {isa = PBXFileReference; fileEncoding = 4; lastKnownFileType = sourcecode.c.objc; path = MedicalHistoryController.m; sourceTree = "<group>"; };
		D73C629921DE99D800DC9F7B /* MedicalHistoryCell.h */ = {isa = PBXFileReference; lastKnownFileType = sourcecode.c.h; path = MedicalHistoryCell.h; sourceTree = "<group>"; };
		D73C629A21DE99D800DC9F7B /* MedicalHistoryCell.m */ = {isa = PBXFileReference; lastKnownFileType = sourcecode.c.objc; path = MedicalHistoryCell.m; sourceTree = "<group>"; };
		D74B9B9D21D5556200E9FD1F /* Montserrat-Bold.ttf */ = {isa = PBXFileReference; lastKnownFileType = file; path = "Montserrat-Bold.ttf"; sourceTree = "<group>"; };
		D74B9B9F21D5556B00E9FD1F /* Montserrat-Regular.ttf */ = {isa = PBXFileReference; lastKnownFileType = file; path = "Montserrat-Regular.ttf"; sourceTree = "<group>"; };
		D74B9BC921D66C7100E9FD1F /* ScheduleVisitController.h */ = {isa = PBXFileReference; lastKnownFileType = sourcecode.c.h; path = ScheduleVisitController.h; sourceTree = "<group>"; };
		D74B9BCA21D66C7100E9FD1F /* ScheduleVisitController.m */ = {isa = PBXFileReference; lastKnownFileType = sourcecode.c.objc; path = ScheduleVisitController.m; sourceTree = "<group>"; };
		D758C0F621E69379007F0007 /* ContainerView.h */ = {isa = PBXFileReference; lastKnownFileType = sourcecode.c.h; path = ContainerView.h; sourceTree = "<group>"; };
		D758C0F721E69379007F0007 /* ContainerView.m */ = {isa = PBXFileReference; lastKnownFileType = sourcecode.c.objc; path = ContainerView.m; sourceTree = "<group>"; };
		D759842721E4E1400008E4A4 /* PaymentController.h */ = {isa = PBXFileReference; lastKnownFileType = sourcecode.c.h; path = PaymentController.h; sourceTree = "<group>"; };
		D759842821E4E1400008E4A4 /* PaymentController.m */ = {isa = PBXFileReference; lastKnownFileType = sourcecode.c.objc; path = PaymentController.m; sourceTree = "<group>"; };
		D759842A21E4E1760008E4A4 /* PaymentCell.h */ = {isa = PBXFileReference; lastKnownFileType = sourcecode.c.h; path = PaymentCell.h; sourceTree = "<group>"; };
		D759842B21E4E1760008E4A4 /* PaymentCell.m */ = {isa = PBXFileReference; lastKnownFileType = sourcecode.c.objc; path = PaymentCell.m; sourceTree = "<group>"; };
		D759843021E508450008E4A4 /* ChooseDoctorController.h */ = {isa = PBXFileReference; lastKnownFileType = sourcecode.c.h; path = ChooseDoctorController.h; sourceTree = "<group>"; };
		D759843121E508450008E4A4 /* ChooseDoctorController.m */ = {isa = PBXFileReference; lastKnownFileType = sourcecode.c.objc; path = ChooseDoctorController.m; sourceTree = "<group>"; };
		D759843321E51D810008E4A4 /* ChooseDoctorCell.h */ = {isa = PBXFileReference; lastKnownFileType = sourcecode.c.h; path = ChooseDoctorCell.h; sourceTree = "<group>"; };
		D759843421E51D810008E4A4 /* ChooseDoctorCell.m */ = {isa = PBXFileReference; lastKnownFileType = sourcecode.c.objc; path = ChooseDoctorCell.m; sourceTree = "<group>"; };
		D7617C4421D6B80D002063AE /* UpcomingApptCell.h */ = {isa = PBXFileReference; lastKnownFileType = sourcecode.c.h; path = UpcomingApptCell.h; sourceTree = "<group>"; };
		D7617C4521D6B80D002063AE /* UpcomingApptCell.m */ = {isa = PBXFileReference; lastKnownFileType = sourcecode.c.objc; path = UpcomingApptCell.m; sourceTree = "<group>"; };
		D771890021DD59200053944A /* AppointmentsViewController.h */ = {isa = PBXFileReference; lastKnownFileType = sourcecode.c.h; path = AppointmentsViewController.h; sourceTree = "<group>"; };
		D771890121DD59200053944A /* AppointmentsViewController.m */ = {isa = PBXFileReference; lastKnownFileType = sourcecode.c.objc; path = AppointmentsViewController.m; sourceTree = "<group>"; };
		D771890321DD5E850053944A /* MessagesViewController.h */ = {isa = PBXFileReference; lastKnownFileType = sourcecode.c.h; path = MessagesViewController.h; sourceTree = "<group>"; };
		D771890421DD5E850053944A /* MessagesViewController.m */ = {isa = PBXFileReference; lastKnownFileType = sourcecode.c.objc; path = MessagesViewController.m; sourceTree = "<group>"; };
		D771890621DD68D40053944A /* AccountNotVerifiedCell.h */ = {isa = PBXFileReference; lastKnownFileType = sourcecode.c.h; path = AccountNotVerifiedCell.h; sourceTree = "<group>"; };
		D771890721DD68D40053944A /* AccountNotVerifiedCell.m */ = {isa = PBXFileReference; lastKnownFileType = sourcecode.c.objc; path = AccountNotVerifiedCell.m; sourceTree = "<group>"; };
		D777F7B721D3E73F00B45D24 /* MDLIVE New Dashboard.app */ = {isa = PBXFileReference; explicitFileType = wrapper.application; includeInIndex = 0; path = "MDLIVE New Dashboard.app"; sourceTree = BUILT_PRODUCTS_DIR; };
		D777F7BA21D3E73F00B45D24 /* AppDelegate.h */ = {isa = PBXFileReference; lastKnownFileType = sourcecode.c.h; path = AppDelegate.h; sourceTree = "<group>"; };
		D777F7BB21D3E73F00B45D24 /* AppDelegate.m */ = {isa = PBXFileReference; lastKnownFileType = sourcecode.c.objc; path = AppDelegate.m; sourceTree = "<group>"; };
		D777F7BD21D3E73F00B45D24 /* ViewController.h */ = {isa = PBXFileReference; lastKnownFileType = sourcecode.c.h; path = ViewController.h; sourceTree = "<group>"; };
		D777F7BE21D3E73F00B45D24 /* ViewController.m */ = {isa = PBXFileReference; lastKnownFileType = sourcecode.c.objc; path = ViewController.m; sourceTree = "<group>"; };
		D777F7C121D3E73F00B45D24 /* Base */ = {isa = PBXFileReference; lastKnownFileType = file.storyboard; name = Base; path = Base.lproj/NewSAV.storyboard; sourceTree = "<group>"; };
		D777F7C321D3E74100B45D24 /* Assets.xcassets */ = {isa = PBXFileReference; lastKnownFileType = folder.assetcatalog; path = Assets.xcassets; sourceTree = "<group>"; };
		D777F7C621D3E74100B45D24 /* Base */ = {isa = PBXFileReference; lastKnownFileType = file.storyboard; name = Base; path = Base.lproj/LaunchScreen.storyboard; sourceTree = "<group>"; };
		D777F7C821D3E74100B45D24 /* Info.plist */ = {isa = PBXFileReference; lastKnownFileType = text.plist.xml; path = Info.plist; sourceTree = "<group>"; };
		D777F7C921D3E74100B45D24 /* main.m */ = {isa = PBXFileReference; lastKnownFileType = sourcecode.c.objc; path = main.m; sourceTree = "<group>"; };
		D780D11F21DF9E9D00D2D9A4 /* YourAppointmentController.h */ = {isa = PBXFileReference; lastKnownFileType = sourcecode.c.h; path = YourAppointmentController.h; sourceTree = "<group>"; };
		D780D12021DF9E9D00D2D9A4 /* YourAppointmentController.m */ = {isa = PBXFileReference; lastKnownFileType = sourcecode.c.objc; path = YourAppointmentController.m; sourceTree = "<group>"; };
		D780D12221DF9FFD00D2D9A4 /* YourAppointmentCell.h */ = {isa = PBXFileReference; lastKnownFileType = sourcecode.c.h; path = YourAppointmentCell.h; sourceTree = "<group>"; };
		D780D12321DF9FFD00D2D9A4 /* YourAppointmentCell.m */ = {isa = PBXFileReference; lastKnownFileType = sourcecode.c.objc; path = YourAppointmentCell.m; sourceTree = "<group>"; };
		D788BC4D21F257D4008FABDE /* UICheckboxButton.h */ = {isa = PBXFileReference; lastKnownFileType = sourcecode.c.h; path = UICheckboxButton.h; sourceTree = "<group>"; };
		D788BC4E21F257D4008FABDE /* UICheckboxButton.m */ = {isa = PBXFileReference; lastKnownFileType = sourcecode.c.objc; path = UICheckboxButton.m; sourceTree = "<group>"; };
		D788BC5021F6150F008FABDE /* UITextField+dismissNumberKeypad.h */ = {isa = PBXFileReference; lastKnownFileType = sourcecode.c.h; path = "UITextField+dismissNumberKeypad.h"; sourceTree = "<group>"; };
		D788BC5121F6150F008FABDE /* UITextField+dismissNumberKeypad.m */ = {isa = PBXFileReference; lastKnownFileType = sourcecode.c.objc; path = "UITextField+dismissNumberKeypad.m"; sourceTree = "<group>"; };
		D788BC5921F76334008FABDE /* PhamacyHeaderView.h */ = {isa = PBXFileReference; lastKnownFileType = sourcecode.c.h; path = PhamacyHeaderView.h; sourceTree = "<group>"; };
		D788BC5A21F76334008FABDE /* PhamacyHeaderView.m */ = {isa = PBXFileReference; lastKnownFileType = sourcecode.c.objc; path = PhamacyHeaderView.m; sourceTree = "<group>"; };
		D79E4D2521DA4C6E004A8A53 /* MessagesCell.h */ = {isa = PBXFileReference; lastKnownFileType = sourcecode.c.h; path = MessagesCell.h; sourceTree = "<group>"; };
		D79E4D2621DA4C6E004A8A53 /* MessagesCell.m */ = {isa = PBXFileReference; lastKnownFileType = sourcecode.c.objc; path = MessagesCell.m; sourceTree = "<group>"; };
		D79E4D3121DA6564004A8A53 /* ProviderTypeCell.h */ = {isa = PBXFileReference; lastKnownFileType = sourcecode.c.h; path = ProviderTypeCell.h; sourceTree = "<group>"; };
		D79E4D3221DA6564004A8A53 /* ProviderTypeCell.m */ = {isa = PBXFileReference; lastKnownFileType = sourcecode.c.objc; path = ProviderTypeCell.m; sourceTree = "<group>"; };
		D79E4D3421DA6AAE004A8A53 /* SelectProviderController.h */ = {isa = PBXFileReference; lastKnownFileType = sourcecode.c.h; path = SelectProviderController.h; sourceTree = "<group>"; };
		D79E4D3521DA6AAE004A8A53 /* SelectProviderController.m */ = {isa = PBXFileReference; lastKnownFileType = sourcecode.c.objc; path = SelectProviderController.m; sourceTree = "<group>"; };
		D7A0ACEF21F8B1E800DFD646 /* PharmacyInfo.storyboard */ = {isa = PBXFileReference; lastKnownFileType = file.storyboard; path = PharmacyInfo.storyboard; sourceTree = "<group>"; };
		D7A3E4A621D5323C0053D086 /* ProviderTypeView.h */ = {isa = PBXFileReference; lastKnownFileType = sourcecode.c.h; path = ProviderTypeView.h; sourceTree = "<group>"; };
		D7A3E4A721D5323C0053D086 /* ProviderTypeView.m */ = {isa = PBXFileReference; lastKnownFileType = sourcecode.c.objc; path = ProviderTypeView.m; sourceTree = "<group>"; };
		D7B42EEA21F0D61700EA25EE /* PharmacyInfoController.h */ = {isa = PBXFileReference; lastKnownFileType = sourcecode.c.h; path = PharmacyInfoController.h; sourceTree = "<group>"; };
		D7B42EEB21F0D61700EA25EE /* PharmacyInfoController.m */ = {isa = PBXFileReference; lastKnownFileType = sourcecode.c.objc; path = PharmacyInfoController.m; sourceTree = "<group>"; };
		D7B42EED21F0D63C00EA25EE /* PharmacyInfoCell.h */ = {isa = PBXFileReference; lastKnownFileType = sourcecode.c.h; path = PharmacyInfoCell.h; sourceTree = "<group>"; };
		D7B42EEE21F0D63C00EA25EE /* PharmacyInfoCell.m */ = {isa = PBXFileReference; lastKnownFileType = sourcecode.c.objc; path = PharmacyInfoCell.m; sourceTree = "<group>"; };
		D7B42EF321F0F4A000EA25EE /* PharmacyDetailCell.h */ = {isa = PBXFileReference; lastKnownFileType = sourcecode.c.h; path = PharmacyDetailCell.h; sourceTree = "<group>"; };
		D7B42EF421F0F4A000EA25EE /* PharmacyDetailCell.m */ = {isa = PBXFileReference; lastKnownFileType = sourcecode.c.objc; path = PharmacyDetailCell.m; sourceTree = "<group>"; };
		D7B42EF621F103F400EA25EE /* BEMAnimationManager.h */ = {isa = PBXFileReference; lastKnownFileType = sourcecode.c.h; name = BEMAnimationManager.h; path = Classes/BEMAnimationManager.h; sourceTree = "<group>"; };
		D7B42EF721F103F400EA25EE /* BEMAnimationManager.m */ = {isa = PBXFileReference; lastKnownFileType = sourcecode.c.objc; name = BEMAnimationManager.m; path = Classes/BEMAnimationManager.m; sourceTree = "<group>"; };
		D7B42EF821F103F400EA25EE /* BEMCheckBox.h */ = {isa = PBXFileReference; lastKnownFileType = sourcecode.c.h; name = BEMCheckBox.h; path = Classes/BEMCheckBox.h; sourceTree = "<group>"; };
		D7B42EF921F103F400EA25EE /* BEMCheckBox.m */ = {isa = PBXFileReference; lastKnownFileType = sourcecode.c.objc; name = BEMCheckBox.m; path = Classes/BEMCheckBox.m; sourceTree = "<group>"; };
		D7B42EFA21F103F400EA25EE /* BEMCheckBoxGroup.h */ = {isa = PBXFileReference; lastKnownFileType = sourcecode.c.h; name = BEMCheckBoxGroup.h; path = Classes/BEMCheckBoxGroup.h; sourceTree = "<group>"; };
		D7B42EFB21F103F400EA25EE /* BEMCheckBoxGroup.m */ = {isa = PBXFileReference; lastKnownFileType = sourcecode.c.objc; name = BEMCheckBoxGroup.m; path = Classes/BEMCheckBoxGroup.m; sourceTree = "<group>"; };
		D7B42EFC21F103F400EA25EE /* BEMPathManager.h */ = {isa = PBXFileReference; lastKnownFileType = sourcecode.c.h; name = BEMPathManager.h; path = Classes/BEMPathManager.h; sourceTree = "<group>"; };
		D7B42EFD21F103F400EA25EE /* BEMPathManager.m */ = {isa = PBXFileReference; lastKnownFileType = sourcecode.c.objc; name = BEMPathManager.m; path = Classes/BEMPathManager.m; sourceTree = "<group>"; };
		D7E4FD9821DD198C00DCAB30 /* ReasonForVisitController.m */ = {isa = PBXFileReference; lastKnownFileType = sourcecode.c.objc; path = ReasonForVisitController.m; sourceTree = "<group>"; };
		D7E4FD9A21DD19CD00DCAB30 /* ReasonForVisitController.h */ = {isa = PBXFileReference; fileEncoding = 4; lastKnownFileType = sourcecode.c.h; path = ReasonForVisitController.h; sourceTree = "<group>"; };
		D7E4FD9B21DD1A3800DCAB30 /* ReasonForVisitCell.h */ = {isa = PBXFileReference; lastKnownFileType = sourcecode.c.h; path = ReasonForVisitCell.h; sourceTree = "<group>"; };
		D7E4FD9C21DD1A3800DCAB30 /* ReasonForVisitCell.m */ = {isa = PBXFileReference; lastKnownFileType = sourcecode.c.objc; path = ReasonForVisitCell.m; sourceTree = "<group>"; };
		D7F33DEC21E3E17700799130 /* UIImageView+badge.h */ = {isa = PBXFileReference; lastKnownFileType = sourcecode.c.h; path = "UIImageView+badge.h"; sourceTree = "<group>"; };
		D7F33DED21E3E17700799130 /* UIImageView+badge.m */ = {isa = PBXFileReference; lastKnownFileType = sourcecode.c.objc; path = "UIImageView+badge.m"; sourceTree = "<group>"; };
		D7F33DEF21E4DC0D00799130 /* UIViewDesignable.h */ = {isa = PBXFileReference; lastKnownFileType = sourcecode.c.h; path = UIViewDesignable.h; sourceTree = "<group>"; };
		D7F33DF021E4DC0D00799130 /* UIViewDesignable.m */ = {isa = PBXFileReference; lastKnownFileType = sourcecode.c.objc; path = UIViewDesignable.m; sourceTree = "<group>"; };
		D7F67BF821D42A6E0006CCB3 /* EMKRoundButton.m */ = {isa = PBXFileReference; fileEncoding = 4; lastKnownFileType = sourcecode.c.objc; path = EMKRoundButton.m; sourceTree = "<group>"; };
		D7F67BF921D42A6E0006CCB3 /* EMKRoundButton.h */ = {isa = PBXFileReference; fileEncoding = 4; lastKnownFileType = sourcecode.c.h; path = EMKRoundButton.h; sourceTree = "<group>"; };
		D7F67BFB21D42B340006CCB3 /* HomeViewController.h */ = {isa = PBXFileReference; lastKnownFileType = sourcecode.c.h; path = HomeViewController.h; sourceTree = "<group>"; };
		D7F67BFC21D42B340006CCB3 /* HomeViewController.m */ = {isa = PBXFileReference; lastKnownFileType = sourcecode.c.objc; path = HomeViewController.m; sourceTree = "<group>"; };
		D7F67C0721D512620006CCB3 /* PatientImageCell.m */ = {isa = PBXFileReference; fileEncoding = 4; lastKnownFileType = sourcecode.c.objc; path = PatientImageCell.m; sourceTree = "<group>"; };
		D7F67C0821D512630006CCB3 /* PatientImageCell.h */ = {isa = PBXFileReference; fileEncoding = 4; lastKnownFileType = sourcecode.c.h; path = PatientImageCell.h; sourceTree = "<group>"; };
/* End PBXFileReference section */

/* Begin PBXFrameworksBuildPhase section */
		D777F7B421D3E73F00B45D24 /* Frameworks */ = {
			isa = PBXFrameworksBuildPhase;
			buildActionMask = 2147483647;
			files = (
				F19F7C943BAB4AEB11511E74 /* Pods_MDLIVE_New_Dashboard.framework in Frameworks */,
			);
			runOnlyForDeploymentPostprocessing = 0;
		};
/* End PBXFrameworksBuildPhase section */

/* Begin PBXGroup section */
		448D757819BB111AC9EF61FB /* Frameworks */ = {
			isa = PBXGroup;
			children = (
				0C2B092E2B2B0E63449F79E4 /* Pods_MDLIVE_New_Dashboard.framework */,
			);
			name = Frameworks;
			sourceTree = "<group>";
		};
		D709BBF721DD083C002461E7 /* Categories */ = {
			isa = PBXGroup;
			children = (
				D788BC5021F6150F008FABDE /* UITextField+dismissNumberKeypad.h */,
				D788BC5121F6150F008FABDE /* UITextField+dismissNumberKeypad.m */,
				D709BBF821DD083C002461E7 /* UIColor+mdl.h */,
				D709BBFB21DD083C002461E7 /* UIColor+mdl.m */,
				D709BBF921DD083C002461E7 /* UIView+IBDesignable.m */,
				D709BBFA21DD083C002461E7 /* UIView+IBDesignable.h */,
				D7F33DEC21E3E17700799130 /* UIImageView+badge.h */,
				D7F33DED21E3E17700799130 /* UIImageView+badge.m */,
				D7F33DEF21E4DC0D00799130 /* UIViewDesignable.h */,
				D7F33DF021E4DC0D00799130 /* UIViewDesignable.m */,
			);
			path = Categories;
			sourceTree = "<group>";
		};
		D74B9B9C21D5554A00E9FD1F /* Custom Fonts */ = {
			isa = PBXGroup;
			children = (
				D74B9B9F21D5556B00E9FD1F /* Montserrat-Regular.ttf */,
				D74B9B9D21D5556200E9FD1F /* Montserrat-Bold.ttf */,
			);
			path = "Custom Fonts";
			sourceTree = "<group>";
		};
		D777F7AE21D3E73F00B45D24 = {
			isa = PBXGroup;
			children = (
				D777F7B921D3E73F00B45D24 /* MDLIVE New Dashboard */,
				D777F7B821D3E73F00B45D24 /* Products */,
				F92B74CE0AE11F3E8D7C0EEB /* Pods */,
				448D757819BB111AC9EF61FB /* Frameworks */,
			);
			sourceTree = "<group>";
		};
		D777F7B821D3E73F00B45D24 /* Products */ = {
			isa = PBXGroup;
			children = (
				D777F7B721D3E73F00B45D24 /* MDLIVE New Dashboard.app */,
			);
			name = Products;
			sourceTree = "<group>";
		};
		D777F7B921D3E73F00B45D24 /* MDLIVE New Dashboard */ = {
			isa = PBXGroup;
			children = (
				D777F7BA21D3E73F00B45D24 /* AppDelegate.h */,
				D777F7BB21D3E73F00B45D24 /* AppDelegate.m */,
				D777F7BD21D3E73F00B45D24 /* ViewController.h */,
				D777F7BE21D3E73F00B45D24 /* ViewController.m */,
				D777F7C021D3E73F00B45D24 /* NewSAV.storyboard */,
				D777F7C321D3E74100B45D24 /* Assets.xcassets */,
				D777F7C521D3E74100B45D24 /* LaunchScreen.storyboard */,
				D777F7C821D3E74100B45D24 /* Info.plist */,
				D777F7C921D3E74100B45D24 /* main.m */,
				D7F67BFB21D42B340006CCB3 /* HomeViewController.h */,
				D7F67BFC21D42B340006CCB3 /* HomeViewController.m */,
				D7F67C0721D512620006CCB3 /* PatientImageCell.m */,
				D7F67C0821D512630006CCB3 /* PatientImageCell.h */,
				D7A3E4A621D5323C0053D086 /* ProviderTypeView.h */,
				D7A3E4A721D5323C0053D086 /* ProviderTypeView.m */,
				D74B9BC921D66C7100E9FD1F /* ScheduleVisitController.h */,
				D74B9BCA21D66C7100E9FD1F /* ScheduleVisitController.m */,
				D79E4D3121DA6564004A8A53 /* ProviderTypeCell.h */,
				D79E4D3221DA6564004A8A53 /* ProviderTypeCell.m */,
				D79E4D3421DA6AAE004A8A53 /* SelectProviderController.h */,
				D79E4D3521DA6AAE004A8A53 /* SelectProviderController.m */,
				D7E4FD9A21DD19CD00DCAB30 /* ReasonForVisitController.h */,
				D7E4FD9821DD198C00DCAB30 /* ReasonForVisitController.m */,
				D7E4FD9B21DD1A3800DCAB30 /* ReasonForVisitCell.h */,
				D7E4FD9C21DD1A3800DCAB30 /* ReasonForVisitCell.m */,
				D771890021DD59200053944A /* AppointmentsViewController.h */,
				D771890121DD59200053944A /* AppointmentsViewController.m */,
				D7617C4521D6B80D002063AE /* UpcomingApptCell.m */,
				D7617C4421D6B80D002063AE /* UpcomingApptCell.h */,
				D771890321DD5E850053944A /* MessagesViewController.h */,
				D771890421DD5E850053944A /* MessagesViewController.m */,
				D79E4D2521DA4C6E004A8A53 /* MessagesCell.h */,
				D79E4D2621DA4C6E004A8A53 /* MessagesCell.m */,
				D771890621DD68D40053944A /* AccountNotVerifiedCell.h */,
				D771890721DD68D40053944A /* AccountNotVerifiedCell.m */,
				D73C629621DE995100DC9F7B /* MedicalHistoryController.h */,
				D73C629721DE996C00DC9F7B /* MedicalHistoryController.m */,
				D73C629921DE99D800DC9F7B /* MedicalHistoryCell.h */,
				D73C629A21DE99D800DC9F7B /* MedicalHistoryCell.m */,
				D7F67BF921D42A6E0006CCB3 /* EMKRoundButton.h */,
				D7F67BF821D42A6E0006CCB3 /* EMKRoundButton.m */,
				D74B9B9C21D5554A00E9FD1F /* Custom Fonts */,
				D709BBF721DD083C002461E7 /* Categories */,
				D7A0ACEE21F8B1A500DFD646 /* PharmacyInfoController */,
				D780D11F21DF9E9D00D2D9A4 /* YourAppointmentController.h */,
				D780D12021DF9E9D00D2D9A4 /* YourAppointmentController.m */,
				D780D12221DF9FFD00D2D9A4 /* YourAppointmentCell.h */,
				D780D12321DF9FFD00D2D9A4 /* YourAppointmentCell.m */,
				D759842721E4E1400008E4A4 /* PaymentController.h */,
				D759842821E4E1400008E4A4 /* PaymentController.m */,
				D759842A21E4E1760008E4A4 /* PaymentCell.h */,
				D759842B21E4E1760008E4A4 /* PaymentCell.m */,
				D759843021E508450008E4A4 /* ChooseDoctorController.h */,
				D759843121E508450008E4A4 /* ChooseDoctorController.m */,
				D759843321E51D810008E4A4 /* ChooseDoctorCell.h */,
				D759843421E51D810008E4A4 /* ChooseDoctorCell.m */,
				D758C0F621E69379007F0007 /* ContainerView.h */,
				D758C0F721E69379007F0007 /* ContainerView.m */,
				D7B42F0521F103F400EA25EE /* BEMCheckBox */,
				D788BC4D21F257D4008FABDE /* UICheckboxButton.h */,
				D788BC4E21F257D4008FABDE /* UICheckboxButton.m */,
			);
			path = "MDLIVE New Dashboard";
			sourceTree = "<group>";
		};
		D7A0ACEE21F8B1A500DFD646 /* PharmacyInfoController */ = {
			isa = PBXGroup;
			children = (
				D7A0ACEF21F8B1E800DFD646 /* PharmacyInfo.storyboard */,
				D788BC5921F76334008FABDE /* PhamacyHeaderView.h */,
				D788BC5A21F76334008FABDE /* PhamacyHeaderView.m */,
				D7B42EEA21F0D61700EA25EE /* PharmacyInfoController.h */,
				D7B42EEB21F0D61700EA25EE /* PharmacyInfoController.m */,
				D7B42EED21F0D63C00EA25EE /* PharmacyInfoCell.h */,
				D7B42EEE21F0D63C00EA25EE /* PharmacyInfoCell.m */,
				D7B42EF321F0F4A000EA25EE /* PharmacyDetailCell.h */,
				D7B42EF421F0F4A000EA25EE /* PharmacyDetailCell.m */,
			);
			path = PharmacyInfoController;
			sourceTree = "<group>";
		};
		D7B42F0521F103F400EA25EE /* BEMCheckBox */ = {
			isa = PBXGroup;
			children = (
				D7B42EF621F103F400EA25EE /* BEMAnimationManager.h */,
				D7B42EF721F103F400EA25EE /* BEMAnimationManager.m */,
				D7B42EF821F103F400EA25EE /* BEMCheckBox.h */,
				D7B42EF921F103F400EA25EE /* BEMCheckBox.m */,
				D7B42EFA21F103F400EA25EE /* BEMCheckBoxGroup.h */,
				D7B42EFB21F103F400EA25EE /* BEMCheckBoxGroup.m */,
				D7B42EFC21F103F400EA25EE /* BEMPathManager.h */,
				D7B42EFD21F103F400EA25EE /* BEMPathManager.m */,
			);
			path = BEMCheckBox;
			sourceTree = "<group>";
		};
		F92B74CE0AE11F3E8D7C0EEB /* Pods */ = {
			isa = PBXGroup;
			children = (
				32073B535B741F2EE0B1B644 /* Pods-MDLIVE New Dashboard.debug.xcconfig */,
				BDC0E85D4EDC0EA44516445F /* Pods-MDLIVE New Dashboard.release.xcconfig */,
			);
			name = Pods;
			sourceTree = "<group>";
		};
/* End PBXGroup section */

/* Begin PBXNativeTarget section */
		D777F7B621D3E73F00B45D24 /* MDLIVE New Dashboard */ = {
			isa = PBXNativeTarget;
			buildConfigurationList = D777F7CD21D3E74100B45D24 /* Build configuration list for PBXNativeTarget "MDLIVE New Dashboard" */;
			buildPhases = (
				1E120638061639E7970325A2 /* [CP] Check Pods Manifest.lock */,
				D777F7B321D3E73F00B45D24 /* Sources */,
				D777F7B421D3E73F00B45D24 /* Frameworks */,
				D777F7B521D3E73F00B45D24 /* Resources */,
				CC7C3061A927A292CEA2C954 /* [CP] Embed Pods Frameworks */,
			);
			buildRules = (
			);
			dependencies = (
			);
			name = "MDLIVE New Dashboard";
			productName = "MDLIVE New Dashboard";
			productReference = D777F7B721D3E73F00B45D24 /* MDLIVE New Dashboard.app */;
			productType = "com.apple.product-type.application";
		};
/* End PBXNativeTarget section */

/* Begin PBXProject section */
		D777F7AF21D3E73F00B45D24 /* Project object */ = {
			isa = PBXProject;
			attributes = {
				LastUpgradeCheck = 1010;
				ORGANIZATIONNAME = "David Hoy";
				TargetAttributes = {
					D777F7B621D3E73F00B45D24 = {
						CreatedOnToolsVersion = 10.1;
					};
				};
			};
			buildConfigurationList = D777F7B221D3E73F00B45D24 /* Build configuration list for PBXProject "MDLIVE New Dashboard" */;
			compatibilityVersion = "Xcode 9.3";
			developmentRegion = en;
			hasScannedForEncodings = 0;
			knownRegions = (
				en,
				Base,
			);
			mainGroup = D777F7AE21D3E73F00B45D24;
			productRefGroup = D777F7B821D3E73F00B45D24 /* Products */;
			projectDirPath = "";
			projectRoot = "";
			targets = (
				D777F7B621D3E73F00B45D24 /* MDLIVE New Dashboard */,
			);
		};
/* End PBXProject section */

/* Begin PBXResourcesBuildPhase section */
		D777F7B521D3E73F00B45D24 /* Resources */ = {
			isa = PBXResourcesBuildPhase;
			buildActionMask = 2147483647;
			files = (
				D74B9B9E21D5556200E9FD1F /* Montserrat-Bold.ttf in Resources */,
				D7A0ACF021F8B5C600DFD646 /* PharmacyInfo.storyboard in Resources */,
				D777F7C721D3E74100B45D24 /* LaunchScreen.storyboard in Resources */,
				D777F7C421D3E74100B45D24 /* Assets.xcassets in Resources */,
				D74B9BA021D5556B00E9FD1F /* Montserrat-Regular.ttf in Resources */,
				D777F7C221D3E73F00B45D24 /* NewSAV.storyboard in Resources */,
			);
			runOnlyForDeploymentPostprocessing = 0;
		};
/* End PBXResourcesBuildPhase section */

/* Begin PBXShellScriptBuildPhase section */
		1E120638061639E7970325A2 /* [CP] Check Pods Manifest.lock */ = {
			isa = PBXShellScriptBuildPhase;
			buildActionMask = 2147483647;
			files = (
			);
			inputFileListPaths = (
			);
			inputPaths = (
				"${PODS_PODFILE_DIR_PATH}/Podfile.lock",
				"${PODS_ROOT}/Manifest.lock",
			);
			name = "[CP] Check Pods Manifest.lock";
			outputFileListPaths = (
			);
			outputPaths = (
				"$(DERIVED_FILE_DIR)/Pods-MDLIVE New Dashboard-checkManifestLockResult.txt",
			);
			runOnlyForDeploymentPostprocessing = 0;
			shellPath = /bin/sh;
			shellScript = "diff \"${PODS_PODFILE_DIR_PATH}/Podfile.lock\" \"${PODS_ROOT}/Manifest.lock\" > /dev/null\nif [ $? != 0 ] ; then\n    # print error to STDERR\n    echo \"error: The sandbox is not in sync with the Podfile.lock. Run 'pod install' or update your CocoaPods installation.\" >&2\n    exit 1\nfi\n# This output is used by Xcode 'outputs' to avoid re-running this script phase.\necho \"SUCCESS\" > \"${SCRIPT_OUTPUT_FILE_0}\"\n";
			showEnvVarsInLog = 0;
		};
		CC7C3061A927A292CEA2C954 /* [CP] Embed Pods Frameworks */ = {
			isa = PBXShellScriptBuildPhase;
			buildActionMask = 2147483647;
			files = (
			);
			inputFileListPaths = (
			);
			inputPaths = (
				"${SRCROOT}/Pods/Target Support Files/Pods-MDLIVE New Dashboard/Pods-MDLIVE New Dashboard-frameworks.sh",
				"${BUILT_PRODUCTS_DIR}/M13BadgeView/M13BadgeView.framework",
				"${BUILT_PRODUCTS_DIR}/Montserrat/Montserrat.framework",
				"${BUILT_PRODUCTS_DIR}/UIView+Borders/UIView_Borders.framework",
			);
			name = "[CP] Embed Pods Frameworks";
			outputFileListPaths = (
			);
			outputPaths = (
				"${TARGET_BUILD_DIR}/${FRAMEWORKS_FOLDER_PATH}/M13BadgeView.framework",
				"${TARGET_BUILD_DIR}/${FRAMEWORKS_FOLDER_PATH}/Montserrat.framework",
				"${TARGET_BUILD_DIR}/${FRAMEWORKS_FOLDER_PATH}/UIView_Borders.framework",
			);
			runOnlyForDeploymentPostprocessing = 0;
			shellPath = /bin/sh;
			shellScript = "\"${SRCROOT}/Pods/Target Support Files/Pods-MDLIVE New Dashboard/Pods-MDLIVE New Dashboard-frameworks.sh\"\n";
			showEnvVarsInLog = 0;
		};
/* End PBXShellScriptBuildPhase section */

/* Begin PBXSourcesBuildPhase section */
		D777F7B321D3E73F00B45D24 /* Sources */ = {
			isa = PBXSourcesBuildPhase;
			buildActionMask = 2147483647;
			files = (
				D780D12421DF9FFD00D2D9A4 /* YourAppointmentCell.m in Sources */,
				D780D12121DF9E9D00D2D9A4 /* YourAppointmentController.m in Sources */,
				D758C0F821E69379007F0007 /* ContainerView.m in Sources */,
				D7B42EF521F0F4A000EA25EE /* PharmacyDetailCell.m in Sources */,
				D7B42EEC21F0D61700EA25EE /* PharmacyInfoController.m in Sources */,
				D7F67BFA21D42A6E0006CCB3 /* EMKRoundButton.m in Sources */,
				D777F7BF21D3E73F00B45D24 /* ViewController.m in Sources */,
				D7F33DF121E4DC0D00799130 /* UIViewDesignable.m in Sources */,
				D771890521DD5E850053944A /* MessagesViewController.m in Sources */,
				D777F7CA21D3E74100B45D24 /* main.m in Sources */,
				D777F7BC21D3E73F00B45D24 /* AppDelegate.m in Sources */,
				D759843521E51D810008E4A4 /* ChooseDoctorCell.m in Sources */,
				D771890221DD59200053944A /* AppointmentsViewController.m in Sources */,
				D7F33DEE21E3E17700799130 /* UIImageView+badge.m in Sources */,
				D73C629821DE996C00DC9F7B /* MedicalHistoryController.m in Sources */,
				D7B42EEF21F0D63C00EA25EE /* PharmacyInfoCell.m in Sources */,
				D7A3E4A821D5323C0053D086 /* ProviderTypeView.m in Sources */,
				D7617C4621D6B80D002063AE /* UpcomingApptCell.m in Sources */,
				D788BC5221F6150F008FABDE /* UITextField+dismissNumberKeypad.m in Sources */,
				D7F67C0921D512630006CCB3 /* PatientImageCell.m in Sources */,
				D788BC5B21F76334008FABDE /* PhamacyHeaderView.m in Sources */,
				D709BBFD21DD083C002461E7 /* UIColor+mdl.m in Sources */,
				D74B9BCB21D66C7100E9FD1F /* ScheduleVisitController.m in Sources */,
				D79E4D3321DA6564004A8A53 /* ProviderTypeCell.m in Sources */,
				D759843221E508450008E4A4 /* ChooseDoctorController.m in Sources */,
				D79E4D2721DA4C6E004A8A53 /* MessagesCell.m in Sources */,
				D788BC4F21F257D4008FABDE /* UICheckboxButton.m in Sources */,
				D7E4FD9921DD198C00DCAB30 /* ReasonForVisitController.m in Sources */,
				D759842C21E4E1760008E4A4 /* PaymentCell.m in Sources */,
				D73C629B21DE99D800DC9F7B /* MedicalHistoryCell.m in Sources */,
				D79E4D3621DA6AAE004A8A53 /* SelectProviderController.m in Sources */,
				D7E4FD9D21DD1A3800DCAB30 /* ReasonForVisitCell.m in Sources */,
				D709BBFC21DD083C002461E7 /* UIView+IBDesignable.m in Sources */,
				D771890821DD68D40053944A /* AccountNotVerifiedCell.m in Sources */,
				D759842921E4E1400008E4A4 /* PaymentController.m in Sources */,
				D7F67BFD21D42B340006CCB3 /* HomeViewController.m in Sources */,
			);
			runOnlyForDeploymentPostprocessing = 0;
		};
/* End PBXSourcesBuildPhase section */

/* Begin PBXVariantGroup section */
		D777F7C021D3E73F00B45D24 /* NewSAV.storyboard */ = {
			isa = PBXVariantGroup;
			children = (
				D777F7C121D3E73F00B45D24 /* Base */,
			);
			name = NewSAV.storyboard;
			sourceTree = "<group>";
		};
		D777F7C521D3E74100B45D24 /* LaunchScreen.storyboard */ = {
			isa = PBXVariantGroup;
			children = (
				D777F7C621D3E74100B45D24 /* Base */,
			);
			name = LaunchScreen.storyboard;
			sourceTree = "<group>";
		};
/* End PBXVariantGroup section */

/* Begin XCBuildConfiguration section */
		D777F7CB21D3E74100B45D24 /* Debug */ = {
			isa = XCBuildConfiguration;
			buildSettings = {
				ALWAYS_SEARCH_USER_PATHS = NO;
				CLANG_ANALYZER_NONNULL = YES;
				CLANG_ANALYZER_NUMBER_OBJECT_CONVERSION = YES_AGGRESSIVE;
				CLANG_CXX_LANGUAGE_STANDARD = "gnu++14";
				CLANG_CXX_LIBRARY = "libc++";
				CLANG_ENABLE_MODULES = YES;
				CLANG_ENABLE_OBJC_ARC = YES;
				CLANG_ENABLE_OBJC_WEAK = YES;
				CLANG_WARN_BLOCK_CAPTURE_AUTORELEASING = YES;
				CLANG_WARN_BOOL_CONVERSION = YES;
				CLANG_WARN_COMMA = YES;
				CLANG_WARN_CONSTANT_CONVERSION = YES;
				CLANG_WARN_DEPRECATED_OBJC_IMPLEMENTATIONS = YES;
				CLANG_WARN_DIRECT_OBJC_ISA_USAGE = YES_ERROR;
				CLANG_WARN_DOCUMENTATION_COMMENTS = YES;
				CLANG_WARN_EMPTY_BODY = YES;
				CLANG_WARN_ENUM_CONVERSION = YES;
				CLANG_WARN_INFINITE_RECURSION = YES;
				CLANG_WARN_INT_CONVERSION = YES;
				CLANG_WARN_NON_LITERAL_NULL_CONVERSION = YES;
				CLANG_WARN_OBJC_IMPLICIT_RETAIN_SELF = YES;
				CLANG_WARN_OBJC_LITERAL_CONVERSION = YES;
				CLANG_WARN_OBJC_ROOT_CLASS = YES_ERROR;
				CLANG_WARN_RANGE_LOOP_ANALYSIS = YES;
				CLANG_WARN_STRICT_PROTOTYPES = YES;
				CLANG_WARN_SUSPICIOUS_MOVE = YES;
				CLANG_WARN_UNGUARDED_AVAILABILITY = YES_AGGRESSIVE;
				CLANG_WARN_UNREACHABLE_CODE = YES;
				CLANG_WARN__DUPLICATE_METHOD_MATCH = YES;
				CODE_SIGN_IDENTITY = "iPhone Developer";
				COPY_PHASE_STRIP = NO;
				DEBUG_INFORMATION_FORMAT = dwarf;
				ENABLE_STRICT_OBJC_MSGSEND = YES;
				ENABLE_TESTABILITY = YES;
				GCC_C_LANGUAGE_STANDARD = gnu11;
				GCC_DYNAMIC_NO_PIC = NO;
				GCC_NO_COMMON_BLOCKS = YES;
				GCC_OPTIMIZATION_LEVEL = 0;
				GCC_PREPROCESSOR_DEFINITIONS = (
					"DEBUG=1",
					"$(inherited)",
				);
				GCC_WARN_64_TO_32_BIT_CONVERSION = YES;
				GCC_WARN_ABOUT_RETURN_TYPE = YES_ERROR;
				GCC_WARN_UNDECLARED_SELECTOR = YES;
				GCC_WARN_UNINITIALIZED_AUTOS = YES_AGGRESSIVE;
				GCC_WARN_UNUSED_FUNCTION = YES;
				GCC_WARN_UNUSED_VARIABLE = YES;
				IPHONEOS_DEPLOYMENT_TARGET = 11.0;
				MTL_ENABLE_DEBUG_INFO = INCLUDE_SOURCE;
				MTL_FAST_MATH = YES;
				ONLY_ACTIVE_ARCH = YES;
				SDKROOT = iphoneos;
			};
			name = Debug;
		};
		D777F7CC21D3E74100B45D24 /* Release */ = {
			isa = XCBuildConfiguration;
			buildSettings = {
				ALWAYS_SEARCH_USER_PATHS = NO;
				CLANG_ANALYZER_NONNULL = YES;
				CLANG_ANALYZER_NUMBER_OBJECT_CONVERSION = YES_AGGRESSIVE;
				CLANG_CXX_LANGUAGE_STANDARD = "gnu++14";
				CLANG_CXX_LIBRARY = "libc++";
				CLANG_ENABLE_MODULES = YES;
				CLANG_ENABLE_OBJC_ARC = YES;
				CLANG_ENABLE_OBJC_WEAK = YES;
				CLANG_WARN_BLOCK_CAPTURE_AUTORELEASING = YES;
				CLANG_WARN_BOOL_CONVERSION = YES;
				CLANG_WARN_COMMA = YES;
				CLANG_WARN_CONSTANT_CONVERSION = YES;
				CLANG_WARN_DEPRECATED_OBJC_IMPLEMENTATIONS = YES;
				CLANG_WARN_DIRECT_OBJC_ISA_USAGE = YES_ERROR;
				CLANG_WARN_DOCUMENTATION_COMMENTS = YES;
				CLANG_WARN_EMPTY_BODY = YES;
				CLANG_WARN_ENUM_CONVERSION = YES;
				CLANG_WARN_INFINITE_RECURSION = YES;
				CLANG_WARN_INT_CONVERSION = YES;
				CLANG_WARN_NON_LITERAL_NULL_CONVERSION = YES;
				CLANG_WARN_OBJC_IMPLICIT_RETAIN_SELF = YES;
				CLANG_WARN_OBJC_LITERAL_CONVERSION = YES;
				CLANG_WARN_OBJC_ROOT_CLASS = YES_ERROR;
				CLANG_WARN_RANGE_LOOP_ANALYSIS = YES;
				CLANG_WARN_STRICT_PROTOTYPES = YES;
				CLANG_WARN_SUSPICIOUS_MOVE = YES;
				CLANG_WARN_UNGUARDED_AVAILABILITY = YES_AGGRESSIVE;
				CLANG_WARN_UNREACHABLE_CODE = YES;
				CLANG_WARN__DUPLICATE_METHOD_MATCH = YES;
				CODE_SIGN_IDENTITY = "iPhone Developer";
				COPY_PHASE_STRIP = NO;
				DEBUG_INFORMATION_FORMAT = "dwarf-with-dsym";
				ENABLE_NS_ASSERTIONS = NO;
				ENABLE_STRICT_OBJC_MSGSEND = YES;
				GCC_C_LANGUAGE_STANDARD = gnu11;
				GCC_NO_COMMON_BLOCKS = YES;
				GCC_WARN_64_TO_32_BIT_CONVERSION = YES;
				GCC_WARN_ABOUT_RETURN_TYPE = YES_ERROR;
				GCC_WARN_UNDECLARED_SELECTOR = YES;
				GCC_WARN_UNINITIALIZED_AUTOS = YES_AGGRESSIVE;
				GCC_WARN_UNUSED_FUNCTION = YES;
				GCC_WARN_UNUSED_VARIABLE = YES;
				IPHONEOS_DEPLOYMENT_TARGET = 11.0;
				MTL_ENABLE_DEBUG_INFO = NO;
				MTL_FAST_MATH = YES;
				SDKROOT = iphoneos;
				VALIDATE_PRODUCT = YES;
			};
			name = Release;
		};
		D777F7CE21D3E74100B45D24 /* Debug */ = {
			isa = XCBuildConfiguration;
			baseConfigurationReference = 32073B535B741F2EE0B1B644 /* Pods-MDLIVE New Dashboard.debug.xcconfig */;
			buildSettings = {
				ASSETCATALOG_COMPILER_APPICON_NAME = AppIcon;
				CODE_SIGN_STYLE = Automatic;
				DEVELOPMENT_TEAM = 5HTN7X4TAF;
				INFOPLIST_FILE = "MDLIVE New Dashboard/Info.plist";
				LD_RUNPATH_SEARCH_PATHS = (
					"$(inherited)",
					"@executable_path/Frameworks",
				);
				PRODUCT_BUNDLE_IDENTIFIER = "com.mdlive.MDLIVE-New-Dashboard";
				PRODUCT_NAME = "$(TARGET_NAME)";
				TARGETED_DEVICE_FAMILY = "1,2";
			};
			name = Debug;
		};
		D777F7CF21D3E74100B45D24 /* Release */ = {
			isa = XCBuildConfiguration;
			baseConfigurationReference = BDC0E85D4EDC0EA44516445F /* Pods-MDLIVE New Dashboard.release.xcconfig */;
			buildSettings = {
				ASSETCATALOG_COMPILER_APPICON_NAME = AppIcon;
				CODE_SIGN_STYLE = Automatic;
				DEVELOPMENT_TEAM = 5HTN7X4TAF;
				INFOPLIST_FILE = "MDLIVE New Dashboard/Info.plist";
				LD_RUNPATH_SEARCH_PATHS = (
					"$(inherited)",
					"@executable_path/Frameworks",
				);
				PRODUCT_BUNDLE_IDENTIFIER = "com.mdlive.MDLIVE-New-Dashboard";
				PRODUCT_NAME = "$(TARGET_NAME)";
				TARGETED_DEVICE_FAMILY = "1,2";
			};
			name = Release;
		};
/* End XCBuildConfiguration section */

/* Begin XCConfigurationList section */
		D777F7B221D3E73F00B45D24 /* Build configuration list for PBXProject "MDLIVE New Dashboard" */ = {
			isa = XCConfigurationList;
			buildConfigurations = (
				D777F7CB21D3E74100B45D24 /* Debug */,
				D777F7CC21D3E74100B45D24 /* Release */,
			);
			defaultConfigurationIsVisible = 0;
			defaultConfigurationName = Release;
		};
		D777F7CD21D3E74100B45D24 /* Build configuration list for PBXNativeTarget "MDLIVE New Dashboard" */ = {
			isa = XCConfigurationList;
			buildConfigurations = (
				D777F7CE21D3E74100B45D24 /* Debug */,
				D777F7CF21D3E74100B45D24 /* Release */,
			);
			defaultConfigurationIsVisible = 0;
			defaultConfigurationName = Release;
		};
/* End XCConfigurationList section */
	};
	rootObject = D777F7AF21D3E73F00B45D24 /* Project object */;
}
